<?xml version="1.0" encoding="utf-8"?>
<Project ToolsVersion="4.0" xmlns="http://schemas.microsoft.com/developer/msbuild/2003">
  <ItemGroup>
    <Filter Include="소스 파일">
      <UniqueIdentifier>{4FC737F1-C7A5-4376-A066-2A32D752A2FF}</UniqueIdentifier>
      <Extensions>cpp;c;cc;cxx;c++;cppm;ixx;def;odl;idl;hpj;bat;asm;asmx</Extensions>
    </Filter>
    <Filter Include="헤더 파일">
      <UniqueIdentifier>{93995380-89BD-4b04-88EB-625FBE52EBFB}</UniqueIdentifier>
      <Extensions>h;hh;hpp;hxx;h++;hm;inl;inc;ipp;xsd</Extensions>
    </Filter>
    <Filter Include="리소스 파일">
      <UniqueIdentifier>{67DA6AB6-F800-4c08-8B7A-83BB121AAD01}</UniqueIdentifier>
      <Extensions>rc;ico;cur;bmp;dlg;rc2;rct;bin;rgs;gif;jpg;jpeg;jpe;resx;tiff;tif;png;wav;mfcribbon-ms</Extensions>
    </Filter>
  </ItemGroup>
  <ItemGroup>
    <ClCompile Include="소스.c">
      <Filter>소스 파일</Filter>
    </ClCompile>
    <ClCompile Include="b1\Total Circle.c">
      <Filter>소스 파일</Filter>
    </ClCompile>
    <ClCompile Include="b1\쉽게 푸는 문제.c">
      <Filter>소스 파일</Filter>
    </ClCompile>
    <ClCompile Include="b1\피보나치 수 2.c">
      <Filter>소스 파일</Filter>
    </ClCompile>
    <ClCompile Include="b1\분수찾기.c">
      <Filter>소스 파일</Filter>
    </ClCompile>
    <ClCompile Include="b2\다이얼.c">
      <Filter>소스 파일</Filter>
    </ClCompile>
    <ClCompile Include="b4\운동장 한 바퀴.c">
      <Filter>소스 파일</Filter>
    </ClCompile>
    <ClCompile Include="b5\A+B.cpp">
      <Filter>소스 파일</Filter>
    </ClCompile>
    <ClCompile Include="s5\돌 게임.c">
      <Filter>소스 파일</Filter>
    </ClCompile>
    <ClCompile Include="b2\경로당펑크 2077.c">
      <Filter>소스 파일</Filter>
    </ClCompile>
    <ClCompile Include="b2\분산처리.cpp">
      <Filter>소스 파일</Filter>
    </ClCompile>
    <ClCompile Include="b2\피보나치 수.c">
      <Filter>소스 파일</Filter>
    </ClCompile>
    <ClCompile Include="b4\MBTI.c">
      <Filter>소스 파일</Filter>
    </ClCompile>
    <ClCompile Include="b4\포인터 공부.c">
      <Filter>소스 파일</Filter>
    </ClCompile>
    <ClCompile Include="b4\햄버거 만들기.c">
      <Filter>소스 파일</Filter>
    </ClCompile>
    <ClCompile Include="b5\A+B - 2.cpp">
      <Filter>소스 파일</Filter>
    </ClCompile>
    <ClCompile Include="b5\A+B - 3.cpp">
      <Filter>소스 파일</Filter>
    </ClCompile>
    <ClCompile Include="b5\A-B.cpp">
      <Filter>소스 파일</Filter>
    </ClCompile>
    <ClCompile Include="b5\큰 수 A+B.cpp">
      <Filter>소스 파일</Filter>
    </ClCompile>
    <ClCompile Include="b5\별 찍기 - 1.cpp">
      <Filter>소스 파일</Filter>
    </ClCompile>
    <ClCompile Include="b5\Hello World.cpp">
      <Filter>소스 파일</Filter>
    </ClCompile>
    <ClCompile Include="b5\We love kriii.cpp">
      <Filter>소스 파일</Filter>
    </ClCompile>
    <ClCompile Include="b5\조별과제를 하려는데 조장이 사라졌다.c">
      <Filter>소스 파일</Filter>
    </ClCompile>
    <ClCompile Include="s5\돌 게임2.c">
      <Filter>소스 파일</Filter>
    </ClCompile>
    <ClCompile Include="s5\수들의 합.c">
      <Filter>소스 파일</Filter>
    </ClCompile>
    <ClCompile Include="s5\소수.c">
      <Filter>소스 파일</Filter>
    </ClCompile>
    <ClCompile Include="멘토링 주차별 문제\3주차 응용문제\1번.c">
      <Filter>소스 파일</Filter>
    </ClCompile>
    <ClCompile Include="멘토링 주차별 문제\3주차 응용문제\2번.c">
      <Filter>소스 파일</Filter>
    </ClCompile>
    <ClCompile Include="멘토링 주차별 문제\1주차 교수님\1번.c">
      <Filter>소스 파일</Filter>
    </ClCompile>
    <ClCompile Include="멘토링 주차별 문제\1주차 교수님\3번.c">
      <Filter>소스 파일</Filter>
    </ClCompile>
    <ClCompile Include="멘토링 주차별 문제\1주차 교수님\2번.c">
      <Filter>소스 파일</Filter>
    </ClCompile>
    <ClCompile Include="멘토링 주차별 문제\1주차 백준\다이얼.c">
      <Filter>소스 파일</Filter>
    </ClCompile>
    <ClCompile Include="멘토링 주차별 문제\1주차 백준\분수찾기.c">
      <Filter>소스 파일</Filter>
    </ClCompile>
    <ClCompile Include="멘토링 주차별 문제\1주차 백준\수들의 합.c">
      <Filter>소스 파일</Filter>
    </ClCompile>
    <ClCompile Include="멘토링 주차별 문제\2주차 교수님\2번.c">
      <Filter>소스 파일</Filter>
    </ClCompile>
    <ClCompile Include="멘토링 주차별 문제\2주차 교수님\1번.c">
      <Filter>소스 파일</Filter>
    </ClCompile>
    <ClCompile Include="멘토링 주차별 문제\2주차 교수님\3번.c">
      <Filter>소스 파일</Filter>
    </ClCompile>
    <ClCompile Include="멘토링 주차별 문제\2주차 백준\Total Circle.c">
      <Filter>소스 파일</Filter>
    </ClCompile>
    <ClCompile Include="멘토링 주차별 문제\2주차 백준\경로당펑크 2077.c">
      <Filter>소스 파일</Filter>
    </ClCompile>
    <ClCompile Include="멘토링 주차별 문제\2주차 백준\돌 게임2.c">
      <Filter>소스 파일</Filter>
    </ClCompile>
    <ClCompile Include="멘토링 주차별 문제\3주차 교수님\3번.c">
      <Filter>소스 파일</Filter>
    </ClCompile>
    <ClCompile Include="멘토링 주차별 문제\3주차 교수님\1번.c">
      <Filter>소스 파일</Filter>
    </ClCompile>
    <ClCompile Include="멘토링 주차별 문제\4주차 교수님\1번.c">
      <Filter>소스 파일</Filter>
    </ClCompile>
    <ClCompile Include="멘토링 주차별 문제\4주차 교수님\avg.c">
      <Filter>소스 파일</Filter>
    </ClCompile>
    <ClCompile Include="멘토링 주차별 문제\4주차 교수님\2번.c">
      <Filter>소스 파일</Filter>
    </ClCompile>
    <ClCompile Include="멘토링 주차별 문제\4주차 교수님\4번.c">
      <Filter>소스 파일</Filter>
    </ClCompile>
    <ClCompile Include="멘토링 주차별 문제\4주차 교수님\3번.c">
      <Filter>소스 파일</Filter>
    </ClCompile>
    <ClCompile Include="멘토링 주차별 문제\4주차 백준\3번.c">
      <Filter>소스 파일</Filter>
    </ClCompile>
    <ClCompile Include="멘토링 주차별 문제\4주차 백준\2번.c">
      <Filter>소스 파일</Filter>
    </ClCompile>
    <ClCompile Include="멘토링 주차별 문제\4주차 백준\1번.c">
      <Filter>소스 파일</Filter>
    </ClCompile>
    <ClCompile Include="멘토링 주차별 문제\5주차 교수님\1번.c">
      <Filter>소스 파일</Filter>
    </ClCompile>
    <ClCompile Include="멘토링 주차별 문제\5주차 교수님\2번.c">
      <Filter>소스 파일</Filter>
    </ClCompile>
    <ClCompile Include="멘토링 주차별 문제\5주차 교수님\3번.c">
      <Filter>소스 파일</Filter>
    </ClCompile>
    <ClCompile Include="멘토링 주차별 문제\5주차 응용\1번.c">
      <Filter>소스 파일</Filter>
    </ClCompile>
    <ClCompile Include="멘토링 주차별 문제\5주차 응용\2번.c">
      <Filter>소스 파일</Filter>
    </ClCompile>
    <ClCompile Include="멘토링 주차별 문제\5주차 응용\3번.c">
      <Filter>소스 파일</Filter>
    </ClCompile>
    <ClCompile Include="b2\팬케이크 사랑.c">
      <Filter>소스 파일</Filter>
    </ClCompile>
    <ClCompile Include="멘토링 주차별 문제\6주차 백준\팬케이크 사랑.c">
      <Filter>소스 파일</Filter>
    </ClCompile>
    <ClCompile Include="b1\버그왕.c">
      <Filter>소스 파일</Filter>
    </ClCompile>
    <ClCompile Include="멘토링 주차별 문제\6주차 백준\버그왕.c">
      <Filter>소스 파일</Filter>
    </ClCompile>
    <ClCompile Include="s5\CD.c">
      <Filter>소스 파일</Filter>
    </ClCompile>
    <ClCompile Include="멘토링 주차별 문제\6주차 백준\CD.c">
      <Filter>소스 파일</Filter>
    </ClCompile>
    <ClCompile Include="멘토링 주차별 문제\7주차 백준\맥주 냉장고.c">
      <Filter>소스 파일</Filter>
    </ClCompile>
    <ClCompile Include="멘토링 주차별 문제\7주차 백준\2의 보수.c">
      <Filter>소스 파일</Filter>
    </ClCompile>
    <ClCompile Include="b1\2의 보수.c">
      <Filter>소스 파일</Filter>
    </ClCompile>
    <ClCompile Include="b2\맥주 냉장고.c">
      <Filter>소스 파일</Filter>
    </ClCompile>
    <ClCompile Include="멘토링 주차별 문제\7주차 백준\속도 위반.c">
      <Filter>소스 파일</Filter>
    </ClCompile>
    <ClCompile Include="s5\속도 위반.c">
      <Filter>소스 파일</Filter>
    </ClCompile>
    <ClCompile Include="멘토링 주차별 문제\7주차 교수님\1번.c">
      <Filter>소스 파일</Filter>
    </ClCompile>
    <ClCompile Include="멘토링 주차별 문제\7주차 교수님\2번.c">
      <Filter>소스 파일</Filter>
    </ClCompile>
    <ClCompile Include="멘토링 주차별 문제\7주차 교수님\3번.c">
      <Filter>소스 파일</Filter>
    </ClCompile>
    <ClCompile Include="멘토링 주차별 문제\6주차 교수님\1번.c">
      <Filter>소스 파일</Filter>
    </ClCompile>
    <ClCompile Include="멘토링 주차별 문제\6주차 교수님\2번.c">
      <Filter>소스 파일</Filter>
    </ClCompile>
    <ClCompile Include="멘토링 주차별 문제\6주차 교수님\3번.c">
      <Filter>소스 파일</Filter>
    </ClCompile>
  </ItemGroup>
</Project>